// !$*UTF8*$!
{
	archiveVersion = 1;
	classes = {
	};
	objectVersion = 50;
	objects = {

/* Begin PBXBuildFile section */
		59B5BC722792174C3BFD8BC1 /* Pods_SilverScreensTests.framework in Frameworks */ = {isa = PBXBuildFile; fileRef = 4DC81DC12F471B1C81A4A6C5 /* Pods_SilverScreensTests.framework */; };
		A59C921EAEB0618C696A05CF /* Pods_SilverScreens.framework in Frameworks */ = {isa = PBXBuildFile; fileRef = 83B04F1BAFD32C3AB9510236 /* Pods_SilverScreens.framework */; };
		E4CDFDC723D9099D0067239A /* AppDelegate.swift in Sources */ = {isa = PBXBuildFile; fileRef = E4CDFDC623D9099D0067239A /* AppDelegate.swift */; };
		E4CDFDC923D9099D0067239A /* SceneDelegate.swift in Sources */ = {isa = PBXBuildFile; fileRef = E4CDFDC823D9099D0067239A /* SceneDelegate.swift */; };
		E4CDFDCB23D9099D0067239A /* ViewController.swift in Sources */ = {isa = PBXBuildFile; fileRef = E4CDFDCA23D9099D0067239A /* ViewController.swift */; };
		E4CDFDCE23D9099D0067239A /* Main.storyboard in Resources */ = {isa = PBXBuildFile; fileRef = E4CDFDCC23D9099D0067239A /* Main.storyboard */; };
		E4CDFDD023D909A40067239A /* Assets.xcassets in Resources */ = {isa = PBXBuildFile; fileRef = E4CDFDCF23D909A40067239A /* Assets.xcassets */; };
		E4CDFDD323D909A40067239A /* LaunchScreen.storyboard in Resources */ = {isa = PBXBuildFile; fileRef = E4CDFDD123D909A40067239A /* LaunchScreen.storyboard */; };
		E4CDFDDE23D909A40067239A /* SilverScreensTests.swift in Sources */ = {isa = PBXBuildFile; fileRef = E4CDFDDD23D909A40067239A /* SilverScreensTests.swift */; };
		E4CDFDE923D909A40067239A /* SilverScreensUITests.swift in Sources */ = {isa = PBXBuildFile; fileRef = E4CDFDE823D909A40067239A /* SilverScreensUITests.swift */; };
		E4CDFDF723D90FDC0067239A /* MoviesViewController.swift in Sources */ = {isa = PBXBuildFile; fileRef = E4CDFDF623D90FDC0067239A /* MoviesViewController.swift */; };
		E4CDFDFD23D91CE10067239A /* FilmCell.swift in Sources */ = {isa = PBXBuildFile; fileRef = E4CDFDFC23D91CE10067239A /* FilmCell.swift */; };
		F257FFF1D2EF9166106C0E00 /* Pods_SilverScreens_SilverScreensUITests.framework in Frameworks */ = {isa = PBXBuildFile; fileRef = F55E9CB64F5DF3FD82720207 /* Pods_SilverScreens_SilverScreensUITests.framework */; };
/* End PBXBuildFile section */

/* Begin PBXContainerItemProxy section */
		E4CDFDDA23D909A40067239A /* PBXContainerItemProxy */ = {
			isa = PBXContainerItemProxy;
			containerPortal = E4CDFDBB23D9099D0067239A /* Project object */;
			proxyType = 1;
			remoteGlobalIDString = E4CDFDC223D9099D0067239A;
			remoteInfo = SilverScreens;
		};
		E4CDFDE523D909A40067239A /* PBXContainerItemProxy */ = {
			isa = PBXContainerItemProxy;
			containerPortal = E4CDFDBB23D9099D0067239A /* Project object */;
			proxyType = 1;
			remoteGlobalIDString = E4CDFDC223D9099D0067239A;
			remoteInfo = SilverScreens;
		};
/* End PBXContainerItemProxy section */

/* Begin PBXFileReference section */
		069D11B389CD7907EA8B85F7 /* Pods-SilverScreens-SilverScreensUITests.release.xcconfig */ = {isa = PBXFileReference; includeInIndex = 1; lastKnownFileType = text.xcconfig; name = "Pods-SilverScreens-SilverScreensUITests.release.xcconfig"; path = "Target Support Files/Pods-SilverScreens-SilverScreensUITests/Pods-SilverScreens-SilverScreensUITests.release.xcconfig"; sourceTree = "<group>"; };
		106918413D028EB770F9B2F5 /* Pods-SilverScreens.release.xcconfig */ = {isa = PBXFileReference; includeInIndex = 1; lastKnownFileType = text.xcconfig; name = "Pods-SilverScreens.release.xcconfig"; path = "Target Support Files/Pods-SilverScreens/Pods-SilverScreens.release.xcconfig"; sourceTree = "<group>"; };
		145527CD49FA23C1158C5D3C /* Pods-SilverScreensTests.release.xcconfig */ = {isa = PBXFileReference; includeInIndex = 1; lastKnownFileType = text.xcconfig; name = "Pods-SilverScreensTests.release.xcconfig"; path = "Target Support Files/Pods-SilverScreensTests/Pods-SilverScreensTests.release.xcconfig"; sourceTree = "<group>"; };
		4DC81DC12F471B1C81A4A6C5 /* Pods_SilverScreensTests.framework */ = {isa = PBXFileReference; explicitFileType = wrapper.framework; includeInIndex = 0; path = Pods_SilverScreensTests.framework; sourceTree = BUILT_PRODUCTS_DIR; };
		5BD0E554614E4756B77CDBEB /* Pods-SilverScreens.debug.xcconfig */ = {isa = PBXFileReference; includeInIndex = 1; lastKnownFileType = text.xcconfig; name = "Pods-SilverScreens.debug.xcconfig"; path = "Target Support Files/Pods-SilverScreens/Pods-SilverScreens.debug.xcconfig"; sourceTree = "<group>"; };
		83B04F1BAFD32C3AB9510236 /* Pods_SilverScreens.framework */ = {isa = PBXFileReference; explicitFileType = wrapper.framework; includeInIndex = 0; path = Pods_SilverScreens.framework; sourceTree = BUILT_PRODUCTS_DIR; };
		8979F3100084281E095A866C /* Pods-SilverScreens-SilverScreensUITests.debug.xcconfig */ = {isa = PBXFileReference; includeInIndex = 1; lastKnownFileType = text.xcconfig; name = "Pods-SilverScreens-SilverScreensUITests.debug.xcconfig"; path = "Target Support Files/Pods-SilverScreens-SilverScreensUITests/Pods-SilverScreens-SilverScreensUITests.debug.xcconfig"; sourceTree = "<group>"; };
		C93A79E16E4EEFE1E9C5A09F /* Pods-SilverScreensTests.debug.xcconfig */ = {isa = PBXFileReference; includeInIndex = 1; lastKnownFileType = text.xcconfig; name = "Pods-SilverScreensTests.debug.xcconfig"; path = "Target Support Files/Pods-SilverScreensTests/Pods-SilverScreensTests.debug.xcconfig"; sourceTree = "<group>"; };
		E4CDFDC323D9099D0067239A /* SilverScreens.app */ = {isa = PBXFileReference; explicitFileType = wrapper.application; includeInIndex = 0; path = SilverScreens.app; sourceTree = BUILT_PRODUCTS_DIR; };
		E4CDFDC623D9099D0067239A /* AppDelegate.swift */ = {isa = PBXFileReference; lastKnownFileType = sourcecode.swift; path = AppDelegate.swift; sourceTree = "<group>"; };
		E4CDFDC823D9099D0067239A /* SceneDelegate.swift */ = {isa = PBXFileReference; lastKnownFileType = sourcecode.swift; path = SceneDelegate.swift; sourceTree = "<group>"; };
		E4CDFDCA23D9099D0067239A /* ViewController.swift */ = {isa = PBXFileReference; lastKnownFileType = sourcecode.swift; path = ViewController.swift; sourceTree = "<group>"; };
		E4CDFDCD23D9099D0067239A /* Base */ = {isa = PBXFileReference; lastKnownFileType = file.storyboard; name = Base; path = Base.lproj/Main.storyboard; sourceTree = "<group>"; };
		E4CDFDCF23D909A40067239A /* Assets.xcassets */ = {isa = PBXFileReference; lastKnownFileType = folder.assetcatalog; path = Assets.xcassets; sourceTree = "<group>"; };
		E4CDFDD223D909A40067239A /* Base */ = {isa = PBXFileReference; lastKnownFileType = file.storyboard; name = Base; path = Base.lproj/LaunchScreen.storyboard; sourceTree = "<group>"; };
		E4CDFDD423D909A40067239A /* Info.plist */ = {isa = PBXFileReference; lastKnownFileType = text.plist.xml; path = Info.plist; sourceTree = "<group>"; };
		E4CDFDD923D909A40067239A /* SilverScreensTests.xctest */ = {isa = PBXFileReference; explicitFileType = wrapper.cfbundle; includeInIndex = 0; path = SilverScreensTests.xctest; sourceTree = BUILT_PRODUCTS_DIR; };
		E4CDFDDD23D909A40067239A /* SilverScreensTests.swift */ = {isa = PBXFileReference; lastKnownFileType = sourcecode.swift; path = SilverScreensTests.swift; sourceTree = "<group>"; };
		E4CDFDDF23D909A40067239A /* Info.plist */ = {isa = PBXFileReference; lastKnownFileType = text.plist.xml; path = Info.plist; sourceTree = "<group>"; };
		E4CDFDE423D909A40067239A /* SilverScreensUITests.xctest */ = {isa = PBXFileReference; explicitFileType = wrapper.cfbundle; includeInIndex = 0; path = SilverScreensUITests.xctest; sourceTree = BUILT_PRODUCTS_DIR; };
		E4CDFDE823D909A40067239A /* SilverScreensUITests.swift */ = {isa = PBXFileReference; lastKnownFileType = sourcecode.swift; path = SilverScreensUITests.swift; sourceTree = "<group>"; };
		E4CDFDEA23D909A40067239A /* Info.plist */ = {isa = PBXFileReference; lastKnownFileType = text.plist.xml; path = Info.plist; sourceTree = "<group>"; };
		E4CDFDF623D90FDC0067239A /* MoviesViewController.swift */ = {isa = PBXFileReference; lastKnownFileType = sourcecode.swift; path = MoviesViewController.swift; sourceTree = "<group>"; };
		E4CDFDFC23D91CE10067239A /* FilmCell.swift */ = {isa = PBXFileReference; lastKnownFileType = sourcecode.swift; path = FilmCell.swift; sourceTree = "<group>"; };
		F55E9CB64F5DF3FD82720207 /* Pods_SilverScreens_SilverScreensUITests.framework */ = {isa = PBXFileReference; explicitFileType = wrapper.framework; includeInIndex = 0; path = Pods_SilverScreens_SilverScreensUITests.framework; sourceTree = BUILT_PRODUCTS_DIR; };
/* End PBXFileReference section */

/* Begin PBXFrameworksBuildPhase section */
		E4CDFDC023D9099D0067239A /* Frameworks */ = {
			isa = PBXFrameworksBuildPhase;
			buildActionMask = 2147483647;
			files = (
				A59C921EAEB0618C696A05CF /* Pods_SilverScreens.framework in Frameworks */,
			);
			runOnlyForDeploymentPostprocessing = 0;
		};
		E4CDFDD623D909A40067239A /* Frameworks */ = {
			isa = PBXFrameworksBuildPhase;
			buildActionMask = 2147483647;
			files = (
				59B5BC722792174C3BFD8BC1 /* Pods_SilverScreensTests.framework in Frameworks */,
			);
			runOnlyForDeploymentPostprocessing = 0;
		};
		E4CDFDE123D909A40067239A /* Frameworks */ = {
			isa = PBXFrameworksBuildPhase;
			buildActionMask = 2147483647;
			files = (
				F257FFF1D2EF9166106C0E00 /* Pods_SilverScreens_SilverScreensUITests.framework in Frameworks */,
			);
			runOnlyForDeploymentPostprocessing = 0;
		};
/* End PBXFrameworksBuildPhase section */

/* Begin PBXGroup section */
		73284D3BEE75FF0752039E62 /* Pods */ = {
			isa = PBXGroup;
			children = (
				5BD0E554614E4756B77CDBEB /* Pods-SilverScreens.debug.xcconfig */,
				106918413D028EB770F9B2F5 /* Pods-SilverScreens.release.xcconfig */,
				8979F3100084281E095A866C /* Pods-SilverScreens-SilverScreensUITests.debug.xcconfig */,
				069D11B389CD7907EA8B85F7 /* Pods-SilverScreens-SilverScreensUITests.release.xcconfig */,
				C93A79E16E4EEFE1E9C5A09F /* Pods-SilverScreensTests.debug.xcconfig */,
				145527CD49FA23C1158C5D3C /* Pods-SilverScreensTests.release.xcconfig */,
			);
			name = Pods;
			path = Pods;
			sourceTree = "<group>";
		};
		E1E1C36E0E4459ED91947D50 /* Frameworks */ = {
			isa = PBXGroup;
			children = (
				83B04F1BAFD32C3AB9510236 /* Pods_SilverScreens.framework */,
				F55E9CB64F5DF3FD82720207 /* Pods_SilverScreens_SilverScreensUITests.framework */,
				4DC81DC12F471B1C81A4A6C5 /* Pods_SilverScreensTests.framework */,
			);
			name = Frameworks;
			sourceTree = "<group>";
		};
		E4CDFDBA23D9099D0067239A = {
			isa = PBXGroup;
			children = (
				E4CDFDC523D9099D0067239A /* SilverScreens */,
				E4CDFDDC23D909A40067239A /* SilverScreensTests */,
				E4CDFDE723D909A40067239A /* SilverScreensUITests */,
				E4CDFDC423D9099D0067239A /* Products */,
				73284D3BEE75FF0752039E62 /* Pods */,
				E1E1C36E0E4459ED91947D50 /* Frameworks */,
			);
			sourceTree = "<group>";
		};
		E4CDFDC423D9099D0067239A /* Products */ = {
			isa = PBXGroup;
			children = (
				E4CDFDC323D9099D0067239A /* SilverScreens.app */,
				E4CDFDD923D909A40067239A /* SilverScreensTests.xctest */,
				E4CDFDE423D909A40067239A /* SilverScreensUITests.xctest */,
			);
			name = Products;
			sourceTree = "<group>";
		};
		E4CDFDC523D9099D0067239A /* SilverScreens */ = {
			isa = PBXGroup;
			children = (
				E4CDFDC623D9099D0067239A /* AppDelegate.swift */,
				E4CDFDCF23D909A40067239A /* Assets.xcassets */,
				E4CDFDD423D909A40067239A /* Info.plist */,
				E4CDFDD123D909A40067239A /* LaunchScreen.storyboard */,
				E4CDFDCC23D9099D0067239A /* Main.storyboard */,
				E4CDFDF623D90FDC0067239A /* MoviesViewController.swift */,
				E4CDFDC823D9099D0067239A /* SceneDelegate.swift */,
				E4CDFDCA23D9099D0067239A /* ViewController.swift */,
				E4CDFDFC23D91CE10067239A /* FilmCell.swift */,
			);
			path = SilverScreens;
			sourceTree = "<group>";
		};
		E4CDFDDC23D909A40067239A /* SilverScreensTests */ = {
			isa = PBXGroup;
			children = (
				E4CDFDDD23D909A40067239A /* SilverScreensTests.swift */,
				E4CDFDDF23D909A40067239A /* Info.plist */,
			);
			path = SilverScreensTests;
			sourceTree = "<group>";
		};
		E4CDFDE723D909A40067239A /* SilverScreensUITests */ = {
			isa = PBXGroup;
			children = (
				E4CDFDE823D909A40067239A /* SilverScreensUITests.swift */,
				E4CDFDEA23D909A40067239A /* Info.plist */,
			);
			path = SilverScreensUITests;
			sourceTree = "<group>";
		};
/* End PBXGroup section */

/* Begin PBXNativeTarget section */
		E4CDFDC223D9099D0067239A /* SilverScreens */ = {
			isa = PBXNativeTarget;
			buildConfigurationList = E4CDFDED23D909A40067239A /* Build configuration list for PBXNativeTarget "SilverScreens" */;
			buildPhases = (
				B5F98604656BB92AEA543574 /* [CP] Check Pods Manifest.lock */,
				E4CDFDBF23D9099D0067239A /* Sources */,
				E4CDFDC023D9099D0067239A /* Frameworks */,
				E4CDFDC123D9099D0067239A /* Resources */,
				766919D144F05359E77879BB /* [CP] Embed Pods Frameworks */,
			);
			buildRules = (
			);
			dependencies = (
			);
			name = SilverScreens;
			productName = SilverScreens;
			productReference = E4CDFDC323D9099D0067239A /* SilverScreens.app */;
			productType = "com.apple.product-type.application";
		};
		E4CDFDD823D909A40067239A /* SilverScreensTests */ = {
			isa = PBXNativeTarget;
			buildConfigurationList = E4CDFDF023D909A40067239A /* Build configuration list for PBXNativeTarget "SilverScreensTests" */;
			buildPhases = (
				C2FEE8B81BED18D57E9B6464 /* [CP] Check Pods Manifest.lock */,
				E4CDFDD523D909A40067239A /* Sources */,
				E4CDFDD623D909A40067239A /* Frameworks */,
				E4CDFDD723D909A40067239A /* Resources */,
			);
			buildRules = (
			);
			dependencies = (
				E4CDFDDB23D909A40067239A /* PBXTargetDependency */,
			);
			name = SilverScreensTests;
			productName = SilverScreensTests;
			productReference = E4CDFDD923D909A40067239A /* SilverScreensTests.xctest */;
			productType = "com.apple.product-type.bundle.unit-test";
		};
		E4CDFDE323D909A40067239A /* SilverScreensUITests */ = {
			isa = PBXNativeTarget;
			buildConfigurationList = E4CDFDF323D909A40067239A /* Build configuration list for PBXNativeTarget "SilverScreensUITests" */;
			buildPhases = (
				404926916E963D33B275845F /* [CP] Check Pods Manifest.lock */,
				E4CDFDE023D909A40067239A /* Sources */,
				E4CDFDE123D909A40067239A /* Frameworks */,
				E4CDFDE223D909A40067239A /* Resources */,
				E207F03124F4EF1AF209EA96 /* [CP] Embed Pods Frameworks */,
			);
			buildRules = (
			);
			dependencies = (
				E4CDFDE623D909A40067239A /* PBXTargetDependency */,
			);
			name = SilverScreensUITests;
			productName = SilverScreensUITests;
			productReference = E4CDFDE423D909A40067239A /* SilverScreensUITests.xctest */;
			productType = "com.apple.product-type.bundle.ui-testing";
		};
/* End PBXNativeTarget section */

/* Begin PBXProject section */
		E4CDFDBB23D9099D0067239A /* Project object */ = {
			isa = PBXProject;
			attributes = {
				LastSwiftUpdateCheck = 1130;
				LastUpgradeCheck = 1130;
				ORGANIZATIONNAME = "Kedar Abhyankar";
				TargetAttributes = {
					E4CDFDC223D9099D0067239A = {
						CreatedOnToolsVersion = 11.3.1;
					};
					E4CDFDD823D909A40067239A = {
						CreatedOnToolsVersion = 11.3.1;
						TestTargetID = E4CDFDC223D9099D0067239A;
					};
					E4CDFDE323D909A40067239A = {
						CreatedOnToolsVersion = 11.3.1;
						TestTargetID = E4CDFDC223D9099D0067239A;
					};
				};
			};
			buildConfigurationList = E4CDFDBE23D9099D0067239A /* Build configuration list for PBXProject "SilverScreens" */;
			compatibilityVersion = "Xcode 9.3";
			developmentRegion = en;
			hasScannedForEncodings = 0;
			knownRegions = (
				en,
				Base,
			);
			mainGroup = E4CDFDBA23D9099D0067239A;
			productRefGroup = E4CDFDC423D9099D0067239A /* Products */;
			projectDirPath = "";
			projectRoot = "";
			targets = (
				E4CDFDC223D9099D0067239A /* SilverScreens */,
				E4CDFDD823D909A40067239A /* SilverScreensTests */,
				E4CDFDE323D909A40067239A /* SilverScreensUITests */,
			);
		};
/* End PBXProject section */

/* Begin PBXResourcesBuildPhase section */
		E4CDFDC123D9099D0067239A /* Resources */ = {
			isa = PBXResourcesBuildPhase;
			buildActionMask = 2147483647;
			files = (
				E4CDFDD323D909A40067239A /* LaunchScreen.storyboard in Resources */,
				E4CDFDD023D909A40067239A /* Assets.xcassets in Resources */,
				E4CDFDCE23D9099D0067239A /* Main.storyboard in Resources */,
			);
			runOnlyForDeploymentPostprocessing = 0;
		};
		E4CDFDD723D909A40067239A /* Resources */ = {
			isa = PBXResourcesBuildPhase;
			buildActionMask = 2147483647;
			files = (
			);
			runOnlyForDeploymentPostprocessing = 0;
		};
		E4CDFDE223D909A40067239A /* Resources */ = {
			isa = PBXResourcesBuildPhase;
			buildActionMask = 2147483647;
			files = (
			);
			runOnlyForDeploymentPostprocessing = 0;
		};
/* End PBXResourcesBuildPhase section */

/* Begin PBXShellScriptBuildPhase section */
		404926916E963D33B275845F /* [CP] Check Pods Manifest.lock */ = {
			isa = PBXShellScriptBuildPhase;
			buildActionMask = 2147483647;
			files = (
			);
			inputFileListPaths = (
			);
			inputPaths = (
				"${PODS_PODFILE_DIR_PATH}/Podfile.lock",
				"${PODS_ROOT}/Manifest.lock",
			);
			name = "[CP] Check Pods Manifest.lock";
			outputFileListPaths = (
			);
			outputPaths = (
				"$(DERIVED_FILE_DIR)/Pods-SilverScreens-SilverScreensUITests-checkManifestLockResult.txt",
			);
			runOnlyForDeploymentPostprocessing = 0;
			shellPath = /bin/sh;
			shellScript = "diff \"${PODS_PODFILE_DIR_PATH}/Podfile.lock\" \"${PODS_ROOT}/Manifest.lock\" > /dev/null\nif [ $? != 0 ] ; then\n    # print error to STDERR\n    echo \"error: The sandbox is not in sync with the Podfile.lock. Run 'pod install' or update your CocoaPods installation.\" >&2\n    exit 1\nfi\n# This output is used by Xcode 'outputs' to avoid re-running this script phase.\necho \"SUCCESS\" > \"${SCRIPT_OUTPUT_FILE_0}\"\n";
			showEnvVarsInLog = 0;
		};
		766919D144F05359E77879BB /* [CP] Embed Pods Frameworks */ = {
			isa = PBXShellScriptBuildPhase;
			buildActionMask = 2147483647;
			files = (
			);
			inputFileListPaths = (
				"${PODS_ROOT}/Target Support Files/Pods-SilverScreens/Pods-SilverScreens-frameworks-${CONFIGURATION}-input-files.xcfilelist",
			);
			name = "[CP] Embed Pods Frameworks";
			outputFileListPaths = (
				"${PODS_ROOT}/Target Support Files/Pods-SilverScreens/Pods-SilverScreens-frameworks-${CONFIGURATION}-output-files.xcfilelist",
			);
			runOnlyForDeploymentPostprocessing = 0;
			shellPath = /bin/sh;
			shellScript = "\"${PODS_ROOT}/Target Support Files/Pods-SilverScreens/Pods-SilverScreens-frameworks.sh\"\n";
			showEnvVarsInLog = 0;
		};
		B5F98604656BB92AEA543574 /* [CP] Check Pods Manifest.lock */ = {
			isa = PBXShellScriptBuildPhase;
			buildActionMask = 2147483647;
			files = (
			);
			inputFileListPaths = (
			);
			inputPaths = (
				"${PODS_PODFILE_DIR_PATH}/Podfile.lock",
				"${PODS_ROOT}/Manifest.lock",
			);
			name = "[CP] Check Pods Manifest.lock";
			outputFileListPaths = (
			);
			outputPaths = (
				"$(DERIVED_FILE_DIR)/Pods-SilverScreens-checkManifestLockResult.txt",
			);
			runOnlyForDeploymentPostprocessing = 0;
			shellPath = /bin/sh;
			shellScript = "diff \"${PODS_PODFILE_DIR_PATH}/Podfile.lock\" \"${PODS_ROOT}/Manifest.lock\" > /dev/null\nif [ $? != 0 ] ; then\n    # print error to STDERR\n    echo \"error: The sandbox is not in sync with the Podfile.lock. Run 'pod install' or update your CocoaPods installation.\" >&2\n    exit 1\nfi\n# This output is used by Xcode 'outputs' to avoid re-running this script phase.\necho \"SUCCESS\" > \"${SCRIPT_OUTPUT_FILE_0}\"\n";
			showEnvVarsInLog = 0;
		};
		C2FEE8B81BED18D57E9B6464 /* [CP] Check Pods Manifest.lock */ = {
			isa = PBXShellScriptBuildPhase;
			buildActionMask = 2147483647;
			files = (
			);
			inputFileListPaths = (
			);
			inputPaths = (
				"${PODS_PODFILE_DIR_PATH}/Podfile.lock",
				"${PODS_ROOT}/Manifest.lock",
			);
			name = "[CP] Check Pods Manifest.lock";
			outputFileListPaths = (
			);
			outputPaths = (
				"$(DERIVED_FILE_DIR)/Pods-SilverScreensTests-checkManifestLockResult.txt",
			);
			runOnlyForDeploymentPostprocessing = 0;
			shellPath = /bin/sh;
			shellScript = "diff \"${PODS_PODFILE_DIR_PATH}/Podfile.lock\" \"${PODS_ROOT}/Manifest.lock\" > /dev/null\nif [ $? != 0 ] ; then\n    # print error to STDERR\n    echo \"error: The sandbox is not in sync with the Podfile.lock. Run 'pod install' or update your CocoaPods installation.\" >&2\n    exit 1\nfi\n# This output is used by Xcode 'outputs' to avoid re-running this script phase.\necho \"SUCCESS\" > \"${SCRIPT_OUTPUT_FILE_0}\"\n";
			showEnvVarsInLog = 0;
		};
		E207F03124F4EF1AF209EA96 /* [CP] Embed Pods Frameworks */ = {
			isa = PBXShellScriptBuildPhase;
			buildActionMask = 2147483647;
			files = (
			);
			inputFileListPaths = (
				"${PODS_ROOT}/Target Support Files/Pods-SilverScreens-SilverScreensUITests/Pods-SilverScreens-SilverScreensUITests-frameworks-${CONFIGURATION}-input-files.xcfilelist",
			);
			name = "[CP] Embed Pods Frameworks";
			outputFileListPaths = (
				"${PODS_ROOT}/Target Support Files/Pods-SilverScreens-SilverScreensUITests/Pods-SilverScreens-SilverScreensUITests-frameworks-${CONFIGURATION}-output-files.xcfilelist",
			);
			runOnlyForDeploymentPostprocessing = 0;
			shellPath = /bin/sh;
			shellScript = "\"${PODS_ROOT}/Target Support Files/Pods-SilverScreens-SilverScreensUITests/Pods-SilverScreens-SilverScreensUITests-frameworks.sh\"\n";
			showEnvVarsInLog = 0;
		};
/* End PBXShellScriptBuildPhase section */

/* Begin PBXSourcesBuildPhase section */
		E4CDFDBF23D9099D0067239A /* Sources */ = {
			isa = PBXSourcesBuildPhase;
			buildActionMask = 2147483647;
			files = (
				E4CDFDCB23D9099D0067239A /* ViewController.swift in Sources */,
				E4CDFDC723D9099D0067239A /* AppDelegate.swift in Sources */,
				E4CDFDC923D9099D0067239A /* SceneDelegate.swift in Sources */,
				E4CDFDF723D90FDC0067239A /* MoviesViewController.swift in Sources */,
				E4CDFDFD23D91CE10067239A /* FilmCell.swift in Sources */,
			);
			runOnlyForDeploymentPostprocessing = 0;
		};
		E4CDFDD523D909A40067239A /* Sources */ = {
			isa = PBXSourcesBuildPhase;
			buildActionMask = 2147483647;
			files = (
				E4CDFDDE23D909A40067239A /* SilverScreensTests.swift in Sources */,
			);
			runOnlyForDeploymentPostprocessing = 0;
		};
		E4CDFDE023D909A40067239A /* Sources */ = {
			isa = PBXSourcesBuildPhase;
			buildActionMask = 2147483647;
			files = (
				E4CDFDE923D909A40067239A /* SilverScreensUITests.swift in Sources */,
			);
			runOnlyForDeploymentPostprocessing = 0;
		};
/* End PBXSourcesBuildPhase section */

/* Begin PBXTargetDependency section */
		E4CDFDDB23D909A40067239A /* PBXTargetDependency */ = {
			isa = PBXTargetDependency;
			target = E4CDFDC223D9099D0067239A /* SilverScreens */;
			targetProxy = E4CDFDDA23D909A40067239A /* PBXContainerItemProxy */;
		};
		E4CDFDE623D909A40067239A /* PBXTargetDependency */ = {
			isa = PBXTargetDependency;
			target = E4CDFDC223D9099D0067239A /* SilverScreens */;
			targetProxy = E4CDFDE523D909A40067239A /* PBXContainerItemProxy */;
		};
/* End PBXTargetDependency section */

/* Begin PBXVariantGroup section */
		E4CDFDCC23D9099D0067239A /* Main.storyboard */ = {
			isa = PBXVariantGroup;
			children = (
				E4CDFDCD23D9099D0067239A /* Base */,
			);
			name = Main.storyboard;
			sourceTree = "<group>";
		};
		E4CDFDD123D909A40067239A /* LaunchScreen.storyboard */ = {
			isa = PBXVariantGroup;
			children = (
				E4CDFDD223D909A40067239A /* Base */,
			);
			name = LaunchScreen.storyboard;
			sourceTree = "<group>";
		};
/* End PBXVariantGroup section */

/* Begin XCBuildConfiguration section */
		E4CDFDEB23D909A40067239A /* Debug */ = {
			isa = XCBuildConfiguration;
			buildSettings = {
				ALWAYS_SEARCH_USER_PATHS = NO;
				CLANG_ANALYZER_NONNULL = YES;
				CLANG_ANALYZER_NUMBER_OBJECT_CONVERSION = YES_AGGRESSIVE;
				CLANG_CXX_LANGUAGE_STANDARD = "gnu++14";
				CLANG_CXX_LIBRARY = "libc++";
				CLANG_ENABLE_MODULES = YES;
				CLANG_ENABLE_OBJC_ARC = YES;
				CLANG_ENABLE_OBJC_WEAK = YES;
				CLANG_WARN_BLOCK_CAPTURE_AUTORELEASING = YES;
				CLANG_WARN_BOOL_CONVERSION = YES;
				CLANG_WARN_COMMA = YES;
				CLANG_WARN_CONSTANT_CONVERSION = YES;
				CLANG_WARN_DEPRECATED_OBJC_IMPLEMENTATIONS = YES;
				CLANG_WARN_DIRECT_OBJC_ISA_USAGE = YES_ERROR;
				CLANG_WARN_DOCUMENTATION_COMMENTS = YES;
				CLANG_WARN_EMPTY_BODY = YES;
				CLANG_WARN_ENUM_CONVERSION = YES;
				CLANG_WARN_INFINITE_RECURSION = YES;
				CLANG_WARN_INT_CONVERSION = YES;
				CLANG_WARN_NON_LITERAL_NULL_CONVERSION = YES;
				CLANG_WARN_OBJC_IMPLICIT_RETAIN_SELF = YES;
				CLANG_WARN_OBJC_LITERAL_CONVERSION = YES;
				CLANG_WARN_OBJC_ROOT_CLASS = YES_ERROR;
				CLANG_WARN_RANGE_LOOP_ANALYSIS = YES;
				CLANG_WARN_STRICT_PROTOTYPES = YES;
				CLANG_WARN_SUSPICIOUS_MOVE = YES;
				CLANG_WARN_UNGUARDED_AVAILABILITY = YES_AGGRESSIVE;
				CLANG_WARN_UNREACHABLE_CODE = YES;
				CLANG_WARN__DUPLICATE_METHOD_MATCH = YES;
				COPY_PHASE_STRIP = NO;
				DEBUG_INFORMATION_FORMAT = dwarf;
				ENABLE_STRICT_OBJC_MSGSEND = YES;
				ENABLE_TESTABILITY = YES;
				GCC_C_LANGUAGE_STANDARD = gnu11;
				GCC_DYNAMIC_NO_PIC = NO;
				GCC_NO_COMMON_BLOCKS = YES;
				GCC_OPTIMIZATION_LEVEL = 0;
				GCC_PREPROCESSOR_DEFINITIONS = (
					"DEBUG=1",
					"$(inherited)",
				);
				GCC_WARN_64_TO_32_BIT_CONVERSION = YES;
				GCC_WARN_ABOUT_RETURN_TYPE = YES_ERROR;
				GCC_WARN_UNDECLARED_SELECTOR = YES;
				GCC_WARN_UNINITIALIZED_AUTOS = YES_AGGRESSIVE;
				GCC_WARN_UNUSED_FUNCTION = YES;
				GCC_WARN_UNUSED_VARIABLE = YES;
				IPHONEOS_DEPLOYMENT_TARGET = 13.2;
				MTL_ENABLE_DEBUG_INFO = INCLUDE_SOURCE;
				MTL_FAST_MATH = YES;
				ONLY_ACTIVE_ARCH = YES;
				SDKROOT = iphoneos;
				SWIFT_ACTIVE_COMPILATION_CONDITIONS = DEBUG;
				SWIFT_OPTIMIZATION_LEVEL = "-Onone";
			};
			name = Debug;
		};
		E4CDFDEC23D909A40067239A /* Release */ = {
			isa = XCBuildConfiguration;
			buildSettings = {
				ALWAYS_SEARCH_USER_PATHS = NO;
				CLANG_ANALYZER_NONNULL = YES;
				CLANG_ANALYZER_NUMBER_OBJECT_CONVERSION = YES_AGGRESSIVE;
				CLANG_CXX_LANGUAGE_STANDARD = "gnu++14";
				CLANG_CXX_LIBRARY = "libc++";
				CLANG_ENABLE_MODULES = YES;
				CLANG_ENABLE_OBJC_ARC = YES;
				CLANG_ENABLE_OBJC_WEAK = YES;
				CLANG_WARN_BLOCK_CAPTURE_AUTORELEASING = YES;
				CLANG_WARN_BOOL_CONVERSION = YES;
				CLANG_WARN_COMMA = YES;
				CLANG_WARN_CONSTANT_CONVERSION = YES;
				CLANG_WARN_DEPRECATED_OBJC_IMPLEMENTATIONS = YES;
				CLANG_WARN_DIRECT_OBJC_ISA_USAGE = YES_ERROR;
				CLANG_WARN_DOCUMENTATION_COMMENTS = YES;
				CLANG_WARN_EMPTY_BODY = YES;
				CLANG_WARN_ENUM_CONVERSION = YES;
				CLANG_WARN_INFINITE_RECURSION = YES;
				CLANG_WARN_INT_CONVERSION = YES;
				CLANG_WARN_NON_LITERAL_NULL_CONVERSION = YES;
				CLANG_WARN_OBJC_IMPLICIT_RETAIN_SELF = YES;
				CLANG_WARN_OBJC_LITERAL_CONVERSION = YES;
				CLANG_WARN_OBJC_ROOT_CLASS = YES_ERROR;
				CLANG_WARN_RANGE_LOOP_ANALYSIS = YES;
				CLANG_WARN_STRICT_PROTOTYPES = YES;
				CLANG_WARN_SUSPICIOUS_MOVE = YES;
				CLANG_WARN_UNGUARDED_AVAILABILITY = YES_AGGRESSIVE;
				CLANG_WARN_UNREACHABLE_CODE = YES;
				CLANG_WARN__DUPLICATE_METHOD_MATCH = YES;
				COPY_PHASE_STRIP = NO;
				DEBUG_INFORMATION_FORMAT = "dwarf-with-dsym";
				ENABLE_NS_ASSERTIONS = NO;
				ENABLE_STRICT_OBJC_MSGSEND = YES;
				GCC_C_LANGUAGE_STANDARD = gnu11;
				GCC_NO_COMMON_BLOCKS = YES;
				GCC_WARN_64_TO_32_BIT_CONVERSION = YES;
				GCC_WARN_ABOUT_RETURN_TYPE = YES_ERROR;
				GCC_WARN_UNDECLARED_SELECTOR = YES;
				GCC_WARN_UNINITIALIZED_AUTOS = YES_AGGRESSIVE;
				GCC_WARN_UNUSED_FUNCTION = YES;
				GCC_WARN_UNUSED_VARIABLE = YES;
				IPHONEOS_DEPLOYMENT_TARGET = 13.2;
				MTL_ENABLE_DEBUG_INFO = NO;
				MTL_FAST_MATH = YES;
				SDKROOT = iphoneos;
				SWIFT_COMPILATION_MODE = wholemodule;
				SWIFT_OPTIMIZATION_LEVEL = "-O";
				VALIDATE_PRODUCT = YES;
			};
			name = Release;
		};
		E4CDFDEE23D909A40067239A /* Debug */ = {
			isa = XCBuildConfiguration;
			baseConfigurationReference = 5BD0E554614E4756B77CDBEB /* Pods-SilverScreens.debug.xcconfig */;
			buildSettings = {
				ASSETCATALOG_COMPILER_APPICON_NAME = AppIcon;
				CODE_SIGN_STYLE = Automatic;
				DEVELOPMENT_TEAM = Y6VJVA9LC5;
				INFOPLIST_FILE = SilverScreens/Info.plist;
				LD_RUNPATH_SEARCH_PATHS = (
					"$(inherited)",
					"@executable_path/Frameworks",
				);
				PRODUCT_BUNDLE_IDENTIFIER = com.kedarabhyankar.SilverScreens;
				PRODUCT_NAME = "$(TARGET_NAME)";
				SWIFT_VERSION = 5.0;
				TARGETED_DEVICE_FAMILY = "1,2";
			};
			name = Debug;
		};
		E4CDFDEF23D909A40067239A /* Release */ = {
			isa = XCBuildConfiguration;
			baseConfigurationReference = 106918413D028EB770F9B2F5 /* Pods-SilverScreens.release.xcconfig */;
			buildSettings = {
				ASSETCATALOG_COMPILER_APPICON_NAME = AppIcon;
				CODE_SIGN_STYLE = Automatic;
				DEVELOPMENT_TEAM = Y6VJVA9LC5;
				INFOPLIST_FILE = SilverScreens/Info.plist;
				LD_RUNPATH_SEARCH_PATHS = (
					"$(inherited)",
					"@executable_path/Frameworks",
				);
				PRODUCT_BUNDLE_IDENTIFIER = com.kedarabhyankar.SilverScreens;
				PRODUCT_NAME = "$(TARGET_NAME)";
				SWIFT_VERSION = 5.0;
				TARGETED_DEVICE_FAMILY = "1,2";
			};
			name = Release;
		};
		E4CDFDF123D909A40067239A /* Debug */ = {
			isa = XCBuildConfiguration;
			baseConfigurationReference = C93A79E16E4EEFE1E9C5A09F /* Pods-SilverScreensTests.debug.xcconfig */;
			buildSettings = {
				ALWAYS_EMBED_SWIFT_STANDARD_LIBRARIES = YES;
				BUNDLE_LOADER = "$(TEST_HOST)";
				CODE_SIGN_STYLE = Automatic;
				DEVELOPMENT_TEAM = Y6VJVA9LC5;
				INFOPLIST_FILE = SilverScreensTests/Info.plist;
				IPHONEOS_DEPLOYMENT_TARGET = 13.2;
				LD_RUNPATH_SEARCH_PATHS = (
					"$(inherited)",
					"@executable_path/Frameworks",
					"@loader_path/Frameworks",
				);
				PRODUCT_BUNDLE_IDENTIFIER = com.kedarabhyankar.SilverScreensTests;
				PRODUCT_NAME = "$(TARGET_NAME)";
				SWIFT_VERSION = 5.0;
				TARGETED_DEVICE_FAMILY = "1,2";
				TEST_HOST = "$(BUILT_PRODUCTS_DIR)/SilverScreens.app/SilverScreens";
			};
			name = Debug;
		};
		E4CDFDF223D909A40067239A /* Release */ = {
			isa = XCBuildConfiguration;
			baseConfigurationReference = 145527CD49FA23C1158C5D3C /* Pods-SilverScreensTests.release.xcconfig */;
			buildSettings = {
				ALWAYS_EMBED_SWIFT_STANDARD_LIBRARIES = YES;
				BUNDLE_LOADER = "$(TEST_HOST)";
				CODE_SIGN_STYLE = Automatic;
				DEVELOPMENT_TEAM = Y6VJVA9LC5;
				INFOPLIST_FILE = SilverScreensTests/Info.plist;
				IPHONEOS_DEPLOYMENT_TARGET = 13.2;
				LD_RUNPATH_SEARCH_PATHS = (
					"$(inherited)",
					"@executable_path/Frameworks",
					"@loader_path/Frameworks",
				);
				PRODUCT_BUNDLE_IDENTIFIER = com.kedarabhyankar.SilverScreensTests;
				PRODUCT_NAME = "$(TARGET_NAME)";
				SWIFT_VERSION = 5.0;
				TARGETED_DEVICE_FAMILY = "1,2";
				TEST_HOST = "$(BUILT_PRODUCTS_DIR)/SilverScreens.app/SilverScreens";
			};
			name = Release;
		};
		E4CDFDF423D909A40067239A /* Debug */ = {
			isa = XCBuildConfiguration;
			baseConfigurationReference = 8979F3100084281E095A866C /* Pods-SilverScreens-SilverScreensUITests.debug.xcconfig */;
			buildSettings = {
				ALWAYS_EMBED_SWIFT_STANDARD_LIBRARIES = YES;
				CODE_SIGN_STYLE = Automatic;
				DEVELOPMENT_TEAM = Y6VJVA9LC5;
				INFOPLIST_FILE = SilverScreensUITests/Info.plist;
				LD_RUNPATH_SEARCH_PATHS = (
					"$(inherited)",
					"@executable_path/Frameworks",
					"@loader_path/Frameworks",
				);
				PRODUCT_BUNDLE_IDENTIFIER = com.kedarabhyankar.SilverScreensUITests;
				PRODUCT_NAME = "$(TARGET_NAME)";
				SWIFT_VERSION = 5.0;
				TARGETED_DEVICE_FAMILY = "1,2";
				TEST_TARGET_NAME = SilverScreens;
			};
			name = Debug;
		};
		E4CDFDF523D909A40067239A /* Release */ = {
			isa = XCBuildConfiguration;
			baseConfigurationReference = 069D11B389CD7907EA8B85F7 /* Pods-SilverScreens-SilverScreensUITests.release.xcconfig */;
			buildSettings = {
				ALWAYS_EMBED_SWIFT_STANDARD_LIBRARIES = YES;
				CODE_SIGN_STYLE = Automatic;
				DEVELOPMENT_TEAM = Y6VJVA9LC5;
				INFOPLIST_FILE = SilverScreensUITests/Info.plist;
				LD_RUNPATH_SEARCH_PATHS = (
					"$(inherited)",
					"@executable_path/Frameworks",
					"@loader_path/Frameworks",
				);
				PRODUCT_BUNDLE_IDENTIFIER = com.kedarabhyankar.SilverScreensUITests;
				PRODUCT_NAME = "$(TARGET_NAME)";
				SWIFT_VERSION = 5.0;
				TARGETED_DEVICE_FAMILY = "1,2";
				TEST_TARGET_NAME = SilverScreens;
			};
			name = Release;
		};
/* End XCBuildConfiguration section */

/* Begin XCConfigurationList section */
		E4CDFDBE23D9099D0067239A /* Build configuration list for PBXProject "SilverScreens" */ = {
			isa = XCConfigurationList;
			buildConfigurations = (
				E4CDFDEB23D909A40067239A /* Debug */,
				E4CDFDEC23D909A40067239A /* Release */,
			);
			defaultConfigurationIsVisible = 0;
			defaultConfigurationName = Release;
		};
		E4CDFDED23D909A40067239A /* Build configuration list for PBXNativeTarget "SilverScreens" */ = {
			isa = XCConfigurationList;
			buildConfigurations = (
				E4CDFDEE23D909A40067239A /* Debug */,
				E4CDFDEF23D909A40067239A /* Release */,
			);
			defaultConfigurationIsVisible = 0;
			defaultConfigurationName = Release;
		};
		E4CDFDF023D909A40067239A /* Build configuration list for PBXNativeTarget "SilverScreensTests" */ = {
			isa = XCConfigurationList;
			buildConfigurations = (
				E4CDFDF123D909A40067239A /* Debug */,
				E4CDFDF223D909A40067239A /* Release */,
			);
			defaultConfigurationIsVisible = 0;
			defaultConfigurationName = Release;
		};
		E4CDFDF323D909A40067239A /* Build configuration list for PBXNativeTarget "SilverScreensUITests" */ = {
			isa = XCConfigurationList;
			buildConfigurations = (
				E4CDFDF423D909A40067239A /* Debug */,
				E4CDFDF523D909A40067239A /* Release */,
			);
			defaultConfigurationIsVisible = 0;
			defaultConfigurationName = Release;
		};
/* End XCConfigurationList section */
	};
	rootObject = E4CDFDBB23D9099D0067239A /* Project object */;
}
